
Microsoft Visual Studio Solution File, Format Version 12.00
# Visual Studio Version 16
VisualStudioVersion = 16.0.31515.178
MinimumVisualStudioVersion = 10.0.40219.1
Project("{FAE04EC0-301F-11D3-BF4B-00C04F79EFBC}") = "SchoolManagement", "SchoolManagement\SchoolManagement.csproj", "{D8A97CA6-723B-4151-A148-1991D82E5765}"
EndProject
Global
	GlobalSection(SolutionConfigurationPlatforms) = preSolution
		Debug|Any CPU = Debug|Any CPU
		Release|Any CPU = Release|Any CPU
	EndGlobalSection
	GlobalSection(ProjectConfigurationPlatforms) = postSolution
		{D8A97CA6-723B-4151-A148-1991D82E5765}.Debug|Any CPU.ActiveCfg = Debug|Any CPU
		{D8A97CA6-723B-4151-A148-1991D82E5765}.Debug|Any CPU.Build.0 = Debug|Any CPU
		{D8A97CA6-723B-4151-A148-1991D82E5765}.Release|Any CPU.ActiveCfg = Release|Any CPU
		{D8A97CA6-723B-4151-A148-1991D82E5765}.Release|Any CPU.Build.0 = Release|Any CPU
	EndGlobalSection
	GlobalSection(SolutionProperties) = preSolution
		HideSolutionNode = FALSE
	EndGlobalSection
	GlobalSection(ExtensibilityGlobals) = postSolution
		SolutionGuid = {61FE953D-DAD2-4920-BDA9-8398487D3EA5}
	EndGlobalSection
EndGlobal
